
Microsoft Visual Studio Solution File, Format Version 12.00
# Visual Studio Version 17
VisualStudioVersion = 17.9.34728.123
MinimumVisualStudioVersion = 10.0.40219.1
Project("{FAE04EC0-301F-11D3-BF4B-00C04F79EFBC}") = "RsvpEventApp", "RsvpEventApp\RsvpEventApp.csproj", "{C3B601C2-0EA5-443A-A824-CF171BF9B34B}"
EndProject
Global
	GlobalSection(SolutionConfigurationPlatforms) = preSolution
		Debug|Any CPU = Debug|Any CPU
		Release|Any CPU = Release|Any CPU
	EndGlobalSection
	GlobalSection(ProjectConfigurationPlatforms) = postSolution
		{C3B601C2-0EA5-443A-A824-CF171BF9B34B}.Debug|Any CPU.ActiveCfg = Debug|Any CPU
		{C3B601C2-0EA5-443A-A824-CF171BF9B34B}.Debug|Any CPU.Build.0 = Debug|Any CPU
		{C3B601C2-0EA5-443A-A824-CF171BF9B34B}.Release|Any CPU.ActiveCfg = Release|Any CPU
		{C3B601C2-0EA5-443A-A824-CF171BF9B34B}.Release|Any CPU.Build.0 = Release|Any CPU
	EndGlobalSection
	GlobalSection(SolutionProperties) = preSolution
		HideSolutionNode = FALSE
	EndGlobalSection
	GlobalSection(ExtensibilityGlobals) = postSolution
		SolutionGuid = {E63D0BCC-30F8-4058-A4F2-563FF909EDEF}
	EndGlobalSection
EndGlobal
